
Microsoft Visual Studio Solution File, Format Version 12.00
# Visual Studio Version 16
VisualStudioVersion = 16.0.31624.102
MinimumVisualStudioVersion = 10.0.40219.1
Project("{FAE04EC0-301F-11D3-BF4B-00C04F79EFBC}") = "program12", "program12\program12.csproj", "{C5C3B9F2-8AB9-418B-880B-81C9ECC66EB3}"
EndProject
Global
	GlobalSection(SolutionConfigurationPlatforms) = preSolution
		Debug|Any CPU = Debug|Any CPU
		Release|Any CPU = Release|Any CPU
	EndGlobalSection
	GlobalSection(ProjectConfigurationPlatforms) = postSolution
		{C5C3B9F2-8AB9-418B-880B-81C9ECC66EB3}.Debug|Any CPU.ActiveCfg = Debug|Any CPU
		{C5C3B9F2-8AB9-418B-880B-81C9ECC66EB3}.Debug|Any CPU.Build.0 = Debug|Any CPU
		{C5C3B9F2-8AB9-418B-880B-81C9ECC66EB3}.Release|Any CPU.ActiveCfg = Release|Any CPU
		{C5C3B9F2-8AB9-418B-880B-81C9ECC66EB3}.Release|Any CPU.Build.0 = Release|Any CPU
	EndGlobalSection
	GlobalSection(SolutionProperties) = preSolution
		HideSolutionNode = FALSE
	EndGlobalSection
	GlobalSection(ExtensibilityGlobals) = postSolution
		SolutionGuid = {7BC97500-CB6D-4860-96E4-B26D5DFA4F47}
	EndGlobalSection
EndGlobal
