
Microsoft Visual Studio Solution File, Format Version 12.00
# Visual Studio Version 16
VisualStudioVersion = 16.0.31624.102
MinimumVisualStudioVersion = 10.0.40219.1
Project("{FAE04EC0-301F-11D3-BF4B-00C04F79EFBC}") = "program2.4(wpf)", "program2.4(wpf)\program2.4(wpf).csproj", "{4610AE21-B36B-4A60-BEB9-D7CEDB0E49B8}"
EndProject
Global
	GlobalSection(SolutionConfigurationPlatforms) = preSolution
		Debug|Any CPU = Debug|Any CPU
		Release|Any CPU = Release|Any CPU
	EndGlobalSection
	GlobalSection(ProjectConfigurationPlatforms) = postSolution
		{4610AE21-B36B-4A60-BEB9-D7CEDB0E49B8}.Debug|Any CPU.ActiveCfg = Debug|Any CPU
		{4610AE21-B36B-4A60-BEB9-D7CEDB0E49B8}.Debug|Any CPU.Build.0 = Debug|Any CPU
		{4610AE21-B36B-4A60-BEB9-D7CEDB0E49B8}.Release|Any CPU.ActiveCfg = Release|Any CPU
		{4610AE21-B36B-4A60-BEB9-D7CEDB0E49B8}.Release|Any CPU.Build.0 = Release|Any CPU
	EndGlobalSection
	GlobalSection(SolutionProperties) = preSolution
		HideSolutionNode = FALSE
	EndGlobalSection
	GlobalSection(ExtensibilityGlobals) = postSolution
		SolutionGuid = {A4C70238-3D76-4FCF-8886-A76CD6B505D8}
	EndGlobalSection
EndGlobal
