
Microsoft Visual Studio Solution File, Format Version 12.00
# Visual Studio Version 16
VisualStudioVersion = 16.0.31624.102
MinimumVisualStudioVersion = 10.0.40219.1
Project("{FAE04EC0-301F-11D3-BF4B-00C04F79EFBC}") = "program10(wpf)", "program10(wpf)\program10(wpf).csproj", "{BEDC1B46-B769-4F4D-B207-DB1798CA03DC}"
EndProject
Global
	GlobalSection(SolutionConfigurationPlatforms) = preSolution
		Debug|Any CPU = Debug|Any CPU
		Release|Any CPU = Release|Any CPU
	EndGlobalSection
	GlobalSection(ProjectConfigurationPlatforms) = postSolution
		{BEDC1B46-B769-4F4D-B207-DB1798CA03DC}.Debug|Any CPU.ActiveCfg = Debug|Any CPU
		{BEDC1B46-B769-4F4D-B207-DB1798CA03DC}.Debug|Any CPU.Build.0 = Debug|Any CPU
		{BEDC1B46-B769-4F4D-B207-DB1798CA03DC}.Release|Any CPU.ActiveCfg = Release|Any CPU
		{BEDC1B46-B769-4F4D-B207-DB1798CA03DC}.Release|Any CPU.Build.0 = Release|Any CPU
	EndGlobalSection
	GlobalSection(SolutionProperties) = preSolution
		HideSolutionNode = FALSE
	EndGlobalSection
	GlobalSection(ExtensibilityGlobals) = postSolution
		SolutionGuid = {FE6B4CD3-6870-4122-AF1E-94A17EBA8FF9}
	EndGlobalSection
EndGlobal
