
Microsoft Visual Studio Solution File, Format Version 12.00
# Visual Studio Version 16
VisualStudioVersion = 16.0.31624.102
MinimumVisualStudioVersion = 10.0.40219.1
Project("{FAE04EC0-301F-11D3-BF4B-00C04F79EFBC}") = "program11(wpf)", "program11(wpf)\program11(wpf).csproj", "{F8670A62-D477-46E7-A5A0-2C6AC1B941FF}"
EndProject
Global
	GlobalSection(SolutionConfigurationPlatforms) = preSolution
		Debug|Any CPU = Debug|Any CPU
		Release|Any CPU = Release|Any CPU
	EndGlobalSection
	GlobalSection(ProjectConfigurationPlatforms) = postSolution
		{F8670A62-D477-46E7-A5A0-2C6AC1B941FF}.Debug|Any CPU.ActiveCfg = Debug|Any CPU
		{F8670A62-D477-46E7-A5A0-2C6AC1B941FF}.Debug|Any CPU.Build.0 = Debug|Any CPU
		{F8670A62-D477-46E7-A5A0-2C6AC1B941FF}.Release|Any CPU.ActiveCfg = Release|Any CPU
		{F8670A62-D477-46E7-A5A0-2C6AC1B941FF}.Release|Any CPU.Build.0 = Release|Any CPU
	EndGlobalSection
	GlobalSection(SolutionProperties) = preSolution
		HideSolutionNode = FALSE
	EndGlobalSection
	GlobalSection(ExtensibilityGlobals) = postSolution
		SolutionGuid = {9C5EA8B3-98B1-49FA-84C4-CE80DD6C6355}
	EndGlobalSection
EndGlobal
