
Microsoft Visual Studio Solution File, Format Version 12.00
# Visual Studio Version 16
VisualStudioVersion = 16.0.31624.102
MinimumVisualStudioVersion = 10.0.40219.1
Project("{FAE04EC0-301F-11D3-BF4B-00C04F79EFBC}") = "program12(wpf)", "program12(wpf)\program12(wpf).csproj", "{F66BAE6D-0E41-4643-9D79-B26D8B2EFA30}"
EndProject
Global
	GlobalSection(SolutionConfigurationPlatforms) = preSolution
		Debug|Any CPU = Debug|Any CPU
		Release|Any CPU = Release|Any CPU
	EndGlobalSection
	GlobalSection(ProjectConfigurationPlatforms) = postSolution
		{F66BAE6D-0E41-4643-9D79-B26D8B2EFA30}.Debug|Any CPU.ActiveCfg = Debug|Any CPU
		{F66BAE6D-0E41-4643-9D79-B26D8B2EFA30}.Debug|Any CPU.Build.0 = Debug|Any CPU
		{F66BAE6D-0E41-4643-9D79-B26D8B2EFA30}.Release|Any CPU.ActiveCfg = Release|Any CPU
		{F66BAE6D-0E41-4643-9D79-B26D8B2EFA30}.Release|Any CPU.Build.0 = Release|Any CPU
	EndGlobalSection
	GlobalSection(SolutionProperties) = preSolution
		HideSolutionNode = FALSE
	EndGlobalSection
	GlobalSection(ExtensibilityGlobals) = postSolution
		SolutionGuid = {2389DD08-8A0D-446A-86C3-BCE5158C5CAA}
	EndGlobalSection
EndGlobal
